
Microsoft Visual Studio Solution File, Format Version 12.00
# Visual Studio 15
VisualStudioVersion = 15.0.27130.2020
MinimumVisualStudioVersion = 10.0.40219.1
Project("{FAE04EC0-301F-11D3-BF4B-00C04F79EFBC}") = "MiniWebCompiler", "MiniWebCompiler\MiniWebCompiler.csproj", "{1E0506AB-06EF-4CCB-8C73-8946A1E724E0}"
EndProject
Global
	GlobalSection(SolutionConfigurationPlatforms) = preSolution
		Debug|Any CPU = Debug|Any CPU
		Release|Any CPU = Release|Any CPU
	EndGlobalSection
	GlobalSection(ProjectConfigurationPlatforms) = postSolution
		{1E0506AB-06EF-4CCB-8C73-8946A1E724E0}.Debug|Any CPU.ActiveCfg = Debug|Any CPU
		{1E0506AB-06EF-4CCB-8C73-8946A1E724E0}.Debug|Any CPU.Build.0 = Debug|Any CPU
		{1E0506AB-06EF-4CCB-8C73-8946A1E724E0}.Release|Any CPU.ActiveCfg = Release|Any CPU
		{1E0506AB-06EF-4CCB-8C73-8946A1E724E0}.Release|Any CPU.Build.0 = Release|Any CPU
	EndGlobalSection
	GlobalSection(SolutionProperties) = preSolution
		HideSolutionNode = FALSE
	EndGlobalSection
	GlobalSection(ExtensibilityGlobals) = postSolution
		SolutionGuid = {3E69ADED-3BE6-4613-81FC-EC6A995D0932}
	EndGlobalSection
EndGlobal
